// !$*UTF8*$!
{
	archiveVersion = 1;
	classes = {
	};
	objectVersion = 46;
	objects = {

/* Begin PBXBuildFile section */
		05D114191C41F22C00EF50D5 /* AppDelegate.swift in Sources */ = {isa = PBXBuildFile; fileRef = 05D114181C41F22C00EF50D5 /* AppDelegate.swift */; };
		05D1141E1C41F22C00EF50D5 /* Main.storyboard in Resources */ = {isa = PBXBuildFile; fileRef = 05D1141C1C41F22C00EF50D5 /* Main.storyboard */; };
		05D114201C41F22C00EF50D5 /* Assets.xcassets in Resources */ = {isa = PBXBuildFile; fileRef = 05D1141F1C41F22C00EF50D5 /* Assets.xcassets */; };
		05D114231C41F22C00EF50D5 /* LaunchScreen.storyboard in Resources */ = {isa = PBXBuildFile; fileRef = 05D114211C41F22C00EF50D5 /* LaunchScreen.storyboard */; };
		05D1142E1C41F22C00EF50D5 /* PKImageMatrixCropperTests.swift in Sources */ = {isa = PBXBuildFile; fileRef = 05D1142D1C41F22C00EF50D5 /* PKImageMatrixCropperTests.swift */; };
		05D114391C41F22C00EF50D5 /* PKImageMatrixCropperUITests.swift in Sources */ = {isa = PBXBuildFile; fileRef = 05D114381C41F22C00EF50D5 /* PKImageMatrixCropperUITests.swift */; };
		05D114481C41F25500EF50D5 /* PKImageUtil.swift in Sources */ = {isa = PBXBuildFile; fileRef = 05D114471C41F25500EF50D5 /* PKImageUtil.swift */; };
		05D1144C1C41F34900EF50D5 /* ImageCollectionViewCell.swift in Sources */ = {isa = PBXBuildFile; fileRef = 05D1144B1C41F34900EF50D5 /* ImageCollectionViewCell.swift */; };
		05D1144E1C41F3CD00EF50D5 /* ImageCollectionViewController.swift in Sources */ = {isa = PBXBuildFile; fileRef = 05D1144D1C41F3CD00EF50D5 /* ImageCollectionViewController.swift */; };
		05D114501C41F43600EF50D5 /* ImagePickerViewController.swift in Sources */ = {isa = PBXBuildFile; fileRef = 05D1144F1C41F43600EF50D5 /* ImagePickerViewController.swift */; };
/* End PBXBuildFile section */

/* Begin PBXContainerItemProxy section */
		05D1142A1C41F22C00EF50D5 /* PBXContainerItemProxy */ = {
			isa = PBXContainerItemProxy;
			containerPortal = 05D1140D1C41F22C00EF50D5 /* Project object */;
			proxyType = 1;
			remoteGlobalIDString = 05D114141C41F22C00EF50D5;
			remoteInfo = PKImageMatrixCropper;
		};
		05D114351C41F22C00EF50D5 /* PBXContainerItemProxy */ = {
			isa = PBXContainerItemProxy;
			containerPortal = 05D1140D1C41F22C00EF50D5 /* Project object */;
			proxyType = 1;
			remoteGlobalIDString = 05D114141C41F22C00EF50D5;
			remoteInfo = PKImageMatrixCropper;
		};
/* End PBXContainerItemProxy section */

/* Begin PBXFileReference section */
		05D114151C41F22C00EF50D5 /* PKImageMatrixCropper.app */ = {isa = PBXFileReference; explicitFileType = wrapper.application; includeInIndex = 0; path = PKImageMatrixCropper.app; sourceTree = BUILT_PRODUCTS_DIR; };
		05D114181C41F22C00EF50D5 /* AppDelegate.swift */ = {isa = PBXFileReference; lastKnownFileType = sourcecode.swift; path = AppDelegate.swift; sourceTree = "<group>"; };
		05D1141D1C41F22C00EF50D5 /* Base */ = {isa = PBXFileReference; lastKnownFileType = file.storyboard; name = Base; path = Base.lproj/Main.storyboard; sourceTree = "<group>"; };
		05D1141F1C41F22C00EF50D5 /* Assets.xcassets */ = {isa = PBXFileReference; lastKnownFileType = folder.assetcatalog; path = Assets.xcassets; sourceTree = "<group>"; };
		05D114221C41F22C00EF50D5 /* Base */ = {isa = PBXFileReference; lastKnownFileType = file.storyboard; name = Base; path = Base.lproj/LaunchScreen.storyboard; sourceTree = "<group>"; };
		05D114241C41F22C00EF50D5 /* Info.plist */ = {isa = PBXFileReference; lastKnownFileType = text.plist.xml; path = Info.plist; sourceTree = "<group>"; };
		05D114291C41F22C00EF50D5 /* PKImageMatrixCropperTests.xctest */ = {isa = PBXFileReference; explicitFileType = wrapper.cfbundle; includeInIndex = 0; path = PKImageMatrixCropperTests.xctest; sourceTree = BUILT_PRODUCTS_DIR; };
		05D1142D1C41F22C00EF50D5 /* PKImageMatrixCropperTests.swift */ = {isa = PBXFileReference; lastKnownFileType = sourcecode.swift; path = PKImageMatrixCropperTests.swift; sourceTree = "<group>"; };
		05D1142F1C41F22C00EF50D5 /* Info.plist */ = {isa = PBXFileReference; lastKnownFileType = text.plist.xml; path = Info.plist; sourceTree = "<group>"; };
		05D114341C41F22C00EF50D5 /* PKImageMatrixCropperUITests.xctest */ = {isa = PBXFileReference; explicitFileType = wrapper.cfbundle; includeInIndex = 0; path = PKImageMatrixCropperUITests.xctest; sourceTree = BUILT_PRODUCTS_DIR; };
		05D114381C41F22C00EF50D5 /* PKImageMatrixCropperUITests.swift */ = {isa = PBXFileReference; lastKnownFileType = sourcecode.swift; path = PKImageMatrixCropperUITests.swift; sourceTree = "<group>"; };
		05D1143A1C41F22C00EF50D5 /* Info.plist */ = {isa = PBXFileReference; lastKnownFileType = text.plist.xml; path = Info.plist; sourceTree = "<group>"; };
		05D114471C41F25500EF50D5 /* PKImageUtil.swift */ = {isa = PBXFileReference; fileEncoding = 4; lastKnownFileType = sourcecode.swift; path = PKImageUtil.swift; sourceTree = "<group>"; };
		05D1144B1C41F34900EF50D5 /* ImageCollectionViewCell.swift */ = {isa = PBXFileReference; fileEncoding = 4; lastKnownFileType = sourcecode.swift; path = ImageCollectionViewCell.swift; sourceTree = "<group>"; };
		05D1144D1C41F3CD00EF50D5 /* ImageCollectionViewController.swift */ = {isa = PBXFileReference; fileEncoding = 4; lastKnownFileType = sourcecode.swift; path = ImageCollectionViewController.swift; sourceTree = "<group>"; };
		05D1144F1C41F43600EF50D5 /* ImagePickerViewController.swift */ = {isa = PBXFileReference; fileEncoding = 4; lastKnownFileType = sourcecode.swift; path = ImagePickerViewController.swift; sourceTree = "<group>"; };
/* End PBXFileReference section */

/* Begin PBXFrameworksBuildPhase section */
		05D114121C41F22C00EF50D5 /* Frameworks */ = {
			isa = PBXFrameworksBuildPhase;
			buildActionMask = 2147483647;
			files = (
			);
			runOnlyForDeploymentPostprocessing = 0;
		};
		05D114261C41F22C00EF50D5 /* Frameworks */ = {
			isa = PBXFrameworksBuildPhase;
			buildActionMask = 2147483647;
			files = (
			);
			runOnlyForDeploymentPostprocessing = 0;
		};
		05D114311C41F22C00EF50D5 /* Frameworks */ = {
			isa = PBXFrameworksBuildPhase;
			buildActionMask = 2147483647;
			files = (
			);
			runOnlyForDeploymentPostprocessing = 0;
		};
/* End PBXFrameworksBuildPhase section */

/* Begin PBXGroup section */
		05D1140C1C41F22C00EF50D5 = {
			isa = PBXGroup;
			children = (
				05D114171C41F22C00EF50D5 /* PKImageMatrixCropper */,
				05D1142C1C41F22C00EF50D5 /* PKImageMatrixCropperTests */,
				05D114371C41F22C00EF50D5 /* PKImageMatrixCropperUITests */,
				05D114161C41F22C00EF50D5 /* Products */,
			);
			sourceTree = "<group>";
		};
		05D114161C41F22C00EF50D5 /* Products */ = {
			isa = PBXGroup;
			children = (
				05D114151C41F22C00EF50D5 /* PKImageMatrixCropper.app */,
				05D114291C41F22C00EF50D5 /* PKImageMatrixCropperTests.xctest */,
				05D114341C41F22C00EF50D5 /* PKImageMatrixCropperUITests.xctest */,
			);
			name = Products;
			sourceTree = "<group>";
		};
		05D114171C41F22C00EF50D5 /* PKImageMatrixCropper */ = {
			isa = PBXGroup;
			children = (
				05D114461C41F24B00EF50D5 /* PKImageMatrixCropper */,
				05D114181C41F22C00EF50D5 /* AppDelegate.swift */,
				05D1144F1C41F43600EF50D5 /* ImagePickerViewController.swift */,
				05D1141C1C41F22C00EF50D5 /* Main.storyboard */,
				05D1141F1C41F22C00EF50D5 /* Assets.xcassets */,
				05D114211C41F22C00EF50D5 /* LaunchScreen.storyboard */,
				05D1144B1C41F34900EF50D5 /* ImageCollectionViewCell.swift */,
				05D1144D1C41F3CD00EF50D5 /* ImageCollectionViewController.swift */,
				05D114241C41F22C00EF50D5 /* Info.plist */,
			);
			path = PKImageMatrixCropper;
			sourceTree = "<group>";
		};
		05D1142C1C41F22C00EF50D5 /* PKImageMatrixCropperTests */ = {
			isa = PBXGroup;
			children = (
				05D1142D1C41F22C00EF50D5 /* PKImageMatrixCropperTests.swift */,
				05D1142F1C41F22C00EF50D5 /* Info.plist */,
			);
			path = PKImageMatrixCropperTests;
			sourceTree = "<group>";
		};
		05D114371C41F22C00EF50D5 /* PKImageMatrixCropperUITests */ = {
			isa = PBXGroup;
			children = (
				05D114381C41F22C00EF50D5 /* PKImageMatrixCropperUITests.swift */,
				05D1143A1C41F22C00EF50D5 /* Info.plist */,
			);
			path = PKImageMatrixCropperUITests;
			sourceTree = "<group>";
		};
		05D114461C41F24B00EF50D5 /* PKImageMatrixCropper */ = {
			isa = PBXGroup;
			children = (
				05D114471C41F25500EF50D5 /* PKImageUtil.swift */,
			);
			path = PKImageMatrixCropper;
			sourceTree = "<group>";
		};
/* End PBXGroup section */

/* Begin PBXNativeTarget section */
		05D114141C41F22C00EF50D5 /* PKImageMatrixCropper */ = {
			isa = PBXNativeTarget;
			buildConfigurationList = 05D1143D1C41F22C00EF50D5 /* Build configuration list for PBXNativeTarget "PKImageMatrixCropper" */;
			buildPhases = (
				05D114111C41F22C00EF50D5 /* Sources */,
				05D114121C41F22C00EF50D5 /* Frameworks */,
				05D114131C41F22C00EF50D5 /* Resources */,
			);
			buildRules = (
			);
			dependencies = (
			);
			name = PKImageMatrixCropper;
			productName = PKImageMatrixCropper;
			productReference = 05D114151C41F22C00EF50D5 /* PKImageMatrixCropper.app */;
			productType = "com.apple.product-type.application";
		};
		05D114281C41F22C00EF50D5 /* PKImageMatrixCropperTests */ = {
			isa = PBXNativeTarget;
			buildConfigurationList = 05D114401C41F22C00EF50D5 /* Build configuration list for PBXNativeTarget "PKImageMatrixCropperTests" */;
			buildPhases = (
				05D114251C41F22C00EF50D5 /* Sources */,
				05D114261C41F22C00EF50D5 /* Frameworks */,
				05D114271C41F22C00EF50D5 /* Resources */,
			);
			buildRules = (
			);
			dependencies = (
				05D1142B1C41F22C00EF50D5 /* PBXTargetDependency */,
			);
			name = PKImageMatrixCropperTests;
			productName = PKImageMatrixCropperTests;
			productReference = 05D114291C41F22C00EF50D5 /* PKImageMatrixCropperTests.xctest */;
			productType = "com.apple.product-type.bundle.unit-test";
		};
		05D114331C41F22C00EF50D5 /* PKImageMatrixCropperUITests */ = {
			isa = PBXNativeTarget;
			buildConfigurationList = 05D114431C41F22C00EF50D5 /* Build configuration list for PBXNativeTarget "PKImageMatrixCropperUITests" */;
			buildPhases = (
				05D114301C41F22C00EF50D5 /* Sources */,
				05D114311C41F22C00EF50D5 /* Frameworks */,
				05D114321C41F22C00EF50D5 /* Resources */,
			);
			buildRules = (
			);
			dependencies = (
				05D114361C41F22C00EF50D5 /* PBXTargetDependency */,
			);
			name = PKImageMatrixCropperUITests;
			productName = PKImageMatrixCropperUITests;
			productReference = 05D114341C41F22C00EF50D5 /* PKImageMatrixCropperUITests.xctest */;
			productType = "com.apple.product-type.bundle.ui-testing";
		};
/* End PBXNativeTarget section */

/* Begin PBXProject section */
		05D1140D1C41F22C00EF50D5 /* Project object */ = {
			isa = PBXProject;
			attributes = {
				LastSwiftUpdateCheck = 0720;
				LastUpgradeCheck = 0720;
				ORGANIZATIONNAME = "Pavan Kataria";
				TargetAttributes = {
					05D114141C41F22C00EF50D5 = {
						CreatedOnToolsVersion = 7.2;
					};
					05D114281C41F22C00EF50D5 = {
						CreatedOnToolsVersion = 7.2;
						TestTargetID = 05D114141C41F22C00EF50D5;
					};
					05D114331C41F22C00EF50D5 = {
						CreatedOnToolsVersion = 7.2;
						TestTargetID = 05D114141C41F22C00EF50D5;
					};
				};
			};
			buildConfigurationList = 05D114101C41F22C00EF50D5 /* Build configuration list for PBXProject "PKImageMatrixCropper" */;
			compatibilityVersion = "Xcode 3.2";
			developmentRegion = English;
			hasScannedForEncodings = 0;
			knownRegions = (
				en,
				Base,
			);
			mainGroup = 05D1140C1C41F22C00EF50D5;
			productRefGroup = 05D114161C41F22C00EF50D5 /* Products */;
			projectDirPath = "";
			projectRoot = "";
			targets = (
				05D114141C41F22C00EF50D5 /* PKImageMatrixCropper */,
				05D114281C41F22C00EF50D5 /* PKImageMatrixCropperTests */,
				05D114331C41F22C00EF50D5 /* PKImageMatrixCropperUITests */,
			);
		};
/* End PBXProject section */

/* Begin PBXResourcesBuildPhase section */
		05D114131C41F22C00EF50D5 /* Resources */ = {
			isa = PBXResourcesBuildPhase;
			buildActionMask = 2147483647;
			files = (
				05D114231C41F22C00EF50D5 /* LaunchScreen.storyboard in Resources */,
				05D114201C41F22C00EF50D5 /* Assets.xcassets in Resources */,
				05D1141E1C41F22C00EF50D5 /* Main.storyboard in Resources */,
			);
			runOnlyForDeploymentPostprocessing = 0;
		};
		05D114271C41F22C00EF50D5 /* Resources */ = {
			isa = PBXResourcesBuildPhase;
			buildActionMask = 2147483647;
			files = (
			);
			runOnlyForDeploymentPostprocessing = 0;
		};
		05D114321C41F22C00EF50D5 /* Resources */ = {
			isa = PBXResourcesBuildPhase;
			buildActionMask = 2147483647;
			files = (
			);
			runOnlyForDeploymentPostprocessing = 0;
		};
/* End PBXResourcesBuildPhase section */

/* Begin PBXSourcesBuildPhase section */
		05D114111C41F22C00EF50D5 /* Sources */ = {
			isa = PBXSourcesBuildPhase;
			buildActionMask = 2147483647;
			files = (
				05D114481C41F25500EF50D5 /* PKImageUtil.swift in Sources */,
				05D114501C41F43600EF50D5 /* ImagePickerViewController.swift in Sources */,
				05D114191C41F22C00EF50D5 /* AppDelegate.swift in Sources */,
				05D1144C1C41F34900EF50D5 /* ImageCollectionViewCell.swift in Sources */,
				05D1144E1C41F3CD00EF50D5 /* ImageCollectionViewController.swift in Sources */,
			);
			runOnlyForDeploymentPostprocessing = 0;
		};
		05D114251C41F22C00EF50D5 /* Sources */ = {
			isa = PBXSourcesBuildPhase;
			buildActionMask = 2147483647;
			files = (
				05D1142E1C41F22C00EF50D5 /* PKImageMatrixCropperTests.swift in Sources */,
			);
			runOnlyForDeploymentPostprocessing = 0;
		};
		05D114301C41F22C00EF50D5 /* Sources */ = {
			isa = PBXSourcesBuildPhase;
			buildActionMask = 2147483647;
			files = (
				05D114391C41F22C00EF50D5 /* PKImageMatrixCropperUITests.swift in Sources */,
			);
			runOnlyForDeploymentPostprocessing = 0;
		};
/* End PBXSourcesBuildPhase section */

/* Begin PBXTargetDependency section */
		05D1142B1C41F22C00EF50D5 /* PBXTargetDependency */ = {
			isa = PBXTargetDependency;
			target = 05D114141C41F22C00EF50D5 /* PKImageMatrixCropper */;
			targetProxy = 05D1142A1C41F22C00EF50D5 /* PBXContainerItemProxy */;
		};
		05D114361C41F22C00EF50D5 /* PBXTargetDependency */ = {
			isa = PBXTargetDependency;
			target = 05D114141C41F22C00EF50D5 /* PKImageMatrixCropper */;
			targetProxy = 05D114351C41F22C00EF50D5 /* PBXContainerItemProxy */;
		};
/* End PBXTargetDependency section */

/* Begin PBXVariantGroup section */
		05D1141C1C41F22C00EF50D5 /* Main.storyboard */ = {
			isa = PBXVariantGroup;
			children = (
				05D1141D1C41F22C00EF50D5 /* Base */,
			);
			name = Main.storyboard;
			sourceTree = "<group>";
		};
		05D114211C41F22C00EF50D5 /* LaunchScreen.storyboard */ = {
			isa = PBXVariantGroup;
			children = (
				05D114221C41F22C00EF50D5 /* Base */,
			);
			name = LaunchScreen.storyboard;
			sourceTree = "<group>";
		};
/* End PBXVariantGroup section */

/* Begin XCBuildConfiguration section */
		05D1143B1C41F22C00EF50D5 /* Debug */ = {
			isa = XCBuildConfiguration;
			buildSettings = {
				ALWAYS_SEARCH_USER_PATHS = NO;
				CLANG_CXX_LANGUAGE_STANDARD = "gnu++0x";
				CLANG_CXX_LIBRARY = "libc++";
				CLANG_ENABLE_MODULES = YES;
				CLANG_ENABLE_OBJC_ARC = YES;
				CLANG_WARN_BOOL_CONVERSION = YES;
				CLANG_WARN_CONSTANT_CONVERSION = YES;
				CLANG_WARN_DIRECT_OBJC_ISA_USAGE = YES_ERROR;
				CLANG_WARN_EMPTY_BODY = YES;
				CLANG_WARN_ENUM_CONVERSION = YES;
				CLANG_WARN_INT_CONVERSION = YES;
				CLANG_WARN_OBJC_ROOT_CLASS = YES_ERROR;
				CLANG_WARN_UNREACHABLE_CODE = YES;
				CLANG_WARN__DUPLICATE_METHOD_MATCH = YES;
				"CODE_SIGN_IDENTITY[sdk=iphoneos*]" = "iPhone Developer";
				COPY_PHASE_STRIP = NO;
				DEBUG_INFORMATION_FORMAT = dwarf;
				ENABLE_STRICT_OBJC_MSGSEND = YES;
				ENABLE_TESTABILITY = YES;
				GCC_C_LANGUAGE_STANDARD = gnu99;
				GCC_DYNAMIC_NO_PIC = NO;
				GCC_NO_COMMON_BLOCKS = YES;
				GCC_OPTIMIZATION_LEVEL = 0;
				GCC_PREPROCESSOR_DEFINITIONS = (
					"DEBUG=1",
					"$(inherited)",
				);
				GCC_WARN_64_TO_32_BIT_CONVERSION = YES;
				GCC_WARN_ABOUT_RETURN_TYPE = YES_ERROR;
				GCC_WARN_UNDECLARED_SELECTOR = YES;
				GCC_WARN_UNINITIALIZED_AUTOS = YES_AGGRESSIVE;
				GCC_WARN_UNUSED_FUNCTION = YES;
				GCC_WARN_UNUSED_VARIABLE = YES;
				IPHONEOS_DEPLOYMENT_TARGET = 9.2;
				MTL_ENABLE_DEBUG_INFO = YES;
				ONLY_ACTIVE_ARCH = YES;
				SDKROOT = iphoneos;
				SWIFT_OPTIMIZATION_LEVEL = "-Onone";
				TARGETED_DEVICE_FAMILY = "1,2";
			};
			name = Debug;
		};
		05D1143C1C41F22C00EF50D5 /* Release */ = {
			isa = XCBuildConfiguration;
			buildSettings = {
				ALWAYS_SEARCH_USER_PATHS = NO;
				CLANG_CXX_LANGUAGE_STANDARD = "gnu++0x";
				CLANG_CXX_LIBRARY = "libc++";
				CLANG_ENABLE_MODULES = YES;
				CLANG_ENABLE_OBJC_ARC = YES;
				CLANG_WARN_BOOL_CONVERSION = YES;
				CLANG_WARN_CONSTANT_CONVERSION = YES;
				CLANG_WARN_DIRECT_OBJC_ISA_USAGE = YES_ERROR;
				CLANG_WARN_EMPTY_BODY = YES;
				CLANG_WARN_ENUM_CONVERSION = YES;
				CLANG_WARN_INT_CONVERSION = YES;
				CLANG_WARN_OBJC_ROOT_CLASS = YES_ERROR;
				CLANG_WARN_UNREACHABLE_CODE = YES;
				CLANG_WARN__DUPLICATE_METHOD_MATCH = YES;
				"CODE_SIGN_IDENTITY[sdk=iphoneos*]" = "iPhone Developer";
				COPY_PHASE_STRIP = NO;
				DEBUG_INFORMATION_FORMAT = "dwarf-with-dsym";
				ENABLE_NS_ASSERTIONS = NO;
				ENABLE_STRICT_OBJC_MSGSEND = YES;
				GCC_C_LANGUAGE_STANDARD = gnu99;
				GCC_NO_COMMON_BLOCKS = YES;
				GCC_WARN_64_TO_32_BIT_CONVERSION = YES;
				GCC_WARN_ABOUT_RETURN_TYPE = YES_ERROR;
				GCC_WARN_UNDECLARED_SELECTOR = YES;
				GCC_WARN_UNINITIALIZED_AUTOS = YES_AGGRESSIVE;
				GCC_WARN_UNUSED_FUNCTION = YES;
				GCC_WARN_UNUSED_VARIABLE = YES;
				IPHONEOS_DEPLOYMENT_TARGET = 9.2;
				MTL_ENABLE_DEBUG_INFO = NO;
				SDKROOT = iphoneos;
				TARGETED_DEVICE_FAMILY = "1,2";
				VALIDATE_PRODUCT = YES;
			};
			name = Release;
		};
		05D1143E1C41F22C00EF50D5 /* Debug */ = {
			isa = XCBuildConfiguration;
			buildSettings = {
				ASSETCATALOG_COMPILER_APPICON_NAME = AppIcon;
				INFOPLIST_FILE = PKImageMatrixCropper/Info.plist;
				IPHONEOS_DEPLOYMENT_TARGET = 9.0;
				LD_RUNPATH_SEARCH_PATHS = "$(inherited) @executable_path/Frameworks";
				PRODUCT_BUNDLE_IDENTIFIER = com.pavankataria.PKImageMatrixCropper;
				PRODUCT_NAME = "$(TARGET_NAME)";
			};
			name = Debug;
		};
		05D1143F1C41F22C00EF50D5 /* Release */ = {
			isa = XCBuildConfiguration;
			buildSettings = {
				ASSETCATALOG_COMPILER_APPICON_NAME = AppIcon;
				INFOPLIST_FILE = PKImageMatrixCropper/Info.plist;
				IPHONEOS_DEPLOYMENT_TARGET = 9.0;
				LD_RUNPATH_SEARCH_PATHS = "$(inherited) @executable_path/Frameworks";
				PRODUCT_BUNDLE_IDENTIFIER = com.pavankataria.PKImageMatrixCropper;
				PRODUCT_NAME = "$(TARGET_NAME)";
			};
			name = Release;
		};
		05D114411C41F22C00EF50D5 /* Debug */ = {
			isa = XCBuildConfiguration;
			buildSettings = {
				BUNDLE_LOADER = "$(TEST_HOST)";
				INFOPLIST_FILE = PKImageMatrixCropperTests/Info.plist;
				LD_RUNPATH_SEARCH_PATHS = "$(inherited) @executable_path/Frameworks @loader_path/Frameworks";
				PRODUCT_BUNDLE_IDENTIFIER = com.pavankataria.PKImageMatrixCropperTests;
				PRODUCT_NAME = "$(TARGET_NAME)";
				TEST_HOST = "$(BUILT_PRODUCTS_DIR)/PKImageMatrixCropper.app/PKImageMatrixCropper";
			};
			name = Debug;
		};
		05D114421C41F22C00EF50D5 /* Release */ = {
			isa = XCBuildConfiguration;
			buildSettings = {
				BUNDLE_LOADER = "$(TEST_HOST)";
				INFOPLIST_FILE = PKImageMatrixCropperTests/Info.plist;
				LD_RUNPATH_SEARCH_PATHS = "$(inherited) @executable_path/Frameworks @loader_path/Frameworks";
				PRODUCT_BUNDLE_IDENTIFIER = com.pavankataria.PKImageMatrixCropperTests;
				PRODUCT_NAME = "$(TARGET_NAME)";
				TEST_HOST = "$(BUILT_PRODUCTS_DIR)/PKImageMatrixCropper.app/PKImageMatrixCropper";
			};
			name = Release;
		};
		05D114441C41F22C00EF50D5 /* Debug */ = {
			isa = XCBuildConfiguration;
			buildSettings = {
				INFOPLIST_FILE = PKImageMatrixCropperUITests/Info.plist;
				LD_RUNPATH_SEARCH_PATHS = "$(inherited) @executable_path/Frameworks @loader_path/Frameworks";
				PRODUCT_BUNDLE_IDENTIFIER = com.pavankataria.PKImageMatrixCropperUITests;
				PRODUCT_NAME = "$(TARGET_NAME)";
				TEST_TARGET_NAME = PKImageMatrixCropper;
				USES_XCTRUNNER = YES;
			};
			name = Debug;
		};
		05D114451C41F22C00EF50D5 /* Release */ = {
			isa = XCBuildConfiguration;
			buildSettings = {
				INFOPLIST_FILE = PKImageMatrixCropperUITests/Info.plist;
				LD_RUNPATH_SEARCH_PATHS = "$(inherited) @executable_path/Frameworks @loader_path/Frameworks";
				PRODUCT_BUNDLE_IDENTIFIER = com.pavankataria.PKImageMatrixCropperUITests;
				PRODUCT_NAME = "$(TARGET_NAME)";
				TEST_TARGET_NAME = PKImageMatrixCropper;
				USES_XCTRUNNER = YES;
			};
			name = Release;
		};
/* End XCBuildConfiguration section */

/* Begin XCConfigurationList section */
		05D114101C41F22C00EF50D5 /* Build configuration list for PBXProject "PKImageMatrixCropper" */ = {
			isa = XCConfigurationList;
			buildConfigurations = (
				05D1143B1C41F22C00EF50D5 /* Debug */,
				05D1143C1C41F22C00EF50D5 /* Release */,
			);
			defaultConfigurationIsVisible = 0;
			defaultConfigurationName = Release;
		};
		05D1143D1C41F22C00EF50D5 /* Build configuration list for PBXNativeTarget "PKImageMatrixCropper" */ = {
			isa = XCConfigurationList;
			buildConfigurations = (
				05D1143E1C41F22C00EF50D5 /* Debug */,
				05D1143F1C41F22C00EF50D5 /* Release */,
			);
			defaultConfigurationIsVisible = 0;
		};
		05D114401C41F22C00EF50D5 /* Build configuration list for PBXNativeTarget "PKImageMatrixCropperTests" */ = {
			isa = XCConfigurationList;
			buildConfigurations = (
				05D114411C41F22C00EF50D5 /* Debug */,
				05D114421C41F22C00EF50D5 /* Release */,
			);
			defaultConfigurationIsVisible = 0;
		};
		05D114431C41F22C00EF50D5 /* Build configuration list for PBXNativeTarget "PKImageMatrixCropperUITests" */ = {
			isa = XCConfigurationList;
			buildConfigurations = (
				05D114441C41F22C00EF50D5 /* Debug */,
				05D114451C41F22C00EF50D5 /* Release */,
			);
			defaultConfigurationIsVisible = 0;
		};
/* End XCConfigurationList section */
	};
	rootObject = 05D1140D1C41F22C00EF50D5 /* Project object */;
}
